
Microsoft Visual Studio Solution File, Format Version 12.00
# Visual Studio Version 16
VisualStudioVersion = 16.0.31410.357
MinimumVisualStudioVersion = 10.0.40219.1
Project("{FAE04EC0-301F-11D3-BF4B-00C04F79EFBC}") = "simple calculator", "simple calculator.csproj", "{202CF12F-FCC5-4CF6-9362-4A536C96F56D}"
EndProject
Global
	GlobalSection(SolutionConfigurationPlatforms) = preSolution
		Debug|Any CPU = Debug|Any CPU
		Release|Any CPU = Release|Any CPU
	EndGlobalSection
	GlobalSection(ProjectConfigurationPlatforms) = postSolution
		{202CF12F-FCC5-4CF6-9362-4A536C96F56D}.Debug|Any CPU.ActiveCfg = Debug|Any CPU
		{202CF12F-FCC5-4CF6-9362-4A536C96F56D}.Debug|Any CPU.Build.0 = Debug|Any CPU
		{202CF12F-FCC5-4CF6-9362-4A536C96F56D}.Release|Any CPU.ActiveCfg = Release|Any CPU
		{202CF12F-FCC5-4CF6-9362-4A536C96F56D}.Release|Any CPU.Build.0 = Release|Any CPU
	EndGlobalSection
	GlobalSection(SolutionProperties) = preSolution
		HideSolutionNode = FALSE
	EndGlobalSection
	GlobalSection(ExtensibilityGlobals) = postSolution
		SolutionGuid = {72D3D7D1-C5A7-40B3-83DE-AD0041C2431E}
	EndGlobalSection
EndGlobal
